// !$*UTF8*$!
{
	archiveVersion = 1;
	classes = {
	};
	objectVersion = 46;
	objects = {

/* Begin PBXBuildFile section */
		3ECF1A2C19AD136F00E1C992 /* AppDelegate.swift in Sources */ = {isa = PBXBuildFile; fileRef = 3ECF1A2B19AD136F00E1C992 /* AppDelegate.swift */; };
		3ECF1A2E19AD136F00E1C992 /* ViewController.swift in Sources */ = {isa = PBXBuildFile; fileRef = 3ECF1A2D19AD136F00E1C992 /* ViewController.swift */; };
		3ECF1A3119AD136F00E1C992 /* Main.storyboard in Resources */ = {isa = PBXBuildFile; fileRef = 3ECF1A2F19AD136F00E1C992 /* Main.storyboard */; };
		3ECF1A3319AD136F00E1C992 /* Images.xcassets in Resources */ = {isa = PBXBuildFile; fileRef = 3ECF1A3219AD136F00E1C992 /* Images.xcassets */; };
		3ECF1A3F19AD136F00E1C992 /* FluidDynamicsTests.swift in Sources */ = {isa = PBXBuildFile; fileRef = 3ECF1A3E19AD136F00E1C992 /* FluidDynamicsTests.swift */; };
		3ECF1A4C19AE482400E1C992 /* FluidDynamicsCell.swift in Sources */ = {isa = PBXBuildFile; fileRef = 3ECF1A4B19AE482400E1C992 /* FluidDynamicsCell.swift */; };
		BE6C58EC19BDDF2E007C6EE8 /* AsyncLegacy.swift in Sources */ = {isa = PBXBuildFile; fileRef = BE6C58EB19BDDF2E007C6EE8 /* AsyncLegacy.swift */; };
		BEEBBC5B19B1A31600F847A0 /* FluidDynamicsRenderer.swift in Sources */ = {isa = PBXBuildFile; fileRef = BEEBBC5A19B1A31600F847A0 /* FluidDynamicsRenderer.swift */; };
		BEEBBC5D19B1AEA400F847A0 /* FluidDynamicsSolver_v2.swift in Sources */ = {isa = PBXBuildFile; fileRef = BEEBBC5C19B1AEA400F847A0 /* FluidDynamicsSolver_v2.swift */; };
/* End PBXBuildFile section */

/* Begin PBXContainerItemProxy section */
		3ECF1A3919AD136F00E1C992 /* PBXContainerItemProxy */ = {
			isa = PBXContainerItemProxy;
			containerPortal = 3ECF1A1E19AD136F00E1C992 /* Project object */;
			proxyType = 1;
			remoteGlobalIDString = 3ECF1A2519AD136F00E1C992;
			remoteInfo = FluidDynamics;
		};
/* End PBXContainerItemProxy section */

/* Begin PBXFileReference section */
		3ECF1A2619AD136F00E1C992 /* FluidDynamics.app */ = {isa = PBXFileReference; explicitFileType = wrapper.application; includeInIndex = 0; path = FluidDynamics.app; sourceTree = BUILT_PRODUCTS_DIR; };
		3ECF1A2A19AD136F00E1C992 /* Info.plist */ = {isa = PBXFileReference; lastKnownFileType = text.plist.xml; path = Info.plist; sourceTree = "<group>"; };
		3ECF1A2B19AD136F00E1C992 /* AppDelegate.swift */ = {isa = PBXFileReference; lastKnownFileType = sourcecode.swift; path = AppDelegate.swift; sourceTree = "<group>"; };
		3ECF1A2D19AD136F00E1C992 /* ViewController.swift */ = {isa = PBXFileReference; lastKnownFileType = sourcecode.swift; path = ViewController.swift; sourceTree = "<group>"; };
		3ECF1A3019AD136F00E1C992 /* Base */ = {isa = PBXFileReference; lastKnownFileType = file.storyboard; name = Base; path = Base.lproj/Main.storyboard; sourceTree = "<group>"; };
		3ECF1A3219AD136F00E1C992 /* Images.xcassets */ = {isa = PBXFileReference; lastKnownFileType = folder.assetcatalog; path = Images.xcassets; sourceTree = "<group>"; };
		3ECF1A3819AD136F00E1C992 /* FluidDynamicsTests.xctest */ = {isa = PBXFileReference; explicitFileType = wrapper.cfbundle; includeInIndex = 0; path = FluidDynamicsTests.xctest; sourceTree = BUILT_PRODUCTS_DIR; };
		3ECF1A3D19AD136F00E1C992 /* Info.plist */ = {isa = PBXFileReference; lastKnownFileType = text.plist.xml; path = Info.plist; sourceTree = "<group>"; };
		3ECF1A3E19AD136F00E1C992 /* FluidDynamicsTests.swift */ = {isa = PBXFileReference; lastKnownFileType = sourcecode.swift; path = FluidDynamicsTests.swift; sourceTree = "<group>"; };
		3ECF1A4B19AE482400E1C992 /* FluidDynamicsCell.swift */ = {isa = PBXFileReference; fileEncoding = 4; lastKnownFileType = sourcecode.swift; path = FluidDynamicsCell.swift; sourceTree = "<group>"; };
		BE6C58EB19BDDF2E007C6EE8 /* AsyncLegacy.swift */ = {isa = PBXFileReference; fileEncoding = 4; lastKnownFileType = sourcecode.swift; path = AsyncLegacy.swift; sourceTree = "<group>"; };
		BEEBBC5A19B1A31600F847A0 /* FluidDynamicsRenderer.swift */ = {isa = PBXFileReference; fileEncoding = 4; lastKnownFileType = sourcecode.swift; path = FluidDynamicsRenderer.swift; sourceTree = "<group>"; };
		BEEBBC5C19B1AEA400F847A0 /* FluidDynamicsSolver_v2.swift */ = {isa = PBXFileReference; fileEncoding = 4; lastKnownFileType = sourcecode.swift; path = FluidDynamicsSolver_v2.swift; sourceTree = "<group>"; };
/* End PBXFileReference section */

/* Begin PBXFrameworksBuildPhase section */
		3ECF1A2319AD136F00E1C992 /* Frameworks */ = {
			isa = PBXFrameworksBuildPhase;
			buildActionMask = 2147483647;
			files = (
			);
			runOnlyForDeploymentPostprocessing = 0;
		};
		3ECF1A3519AD136F00E1C992 /* Frameworks */ = {
			isa = PBXFrameworksBuildPhase;
			buildActionMask = 2147483647;
			files = (
			);
			runOnlyForDeploymentPostprocessing = 0;
		};
/* End PBXFrameworksBuildPhase section */

/* Begin PBXGroup section */
		3ECF1A1D19AD136F00E1C992 = {
			isa = PBXGroup;
			children = (
				3ECF1A2819AD136F00E1C992 /* FluidDynamics */,
				3ECF1A3B19AD136F00E1C992 /* FluidDynamicsTests */,
				3ECF1A2719AD136F00E1C992 /* Products */,
			);
			sourceTree = "<group>";
		};
		3ECF1A2719AD136F00E1C992 /* Products */ = {
			isa = PBXGroup;
			children = (
				3ECF1A2619AD136F00E1C992 /* FluidDynamics.app */,
				3ECF1A3819AD136F00E1C992 /* FluidDynamicsTests.xctest */,
			);
			name = Products;
			sourceTree = "<group>";
		};
		3ECF1A2819AD136F00E1C992 /* FluidDynamics */ = {
			isa = PBXGroup;
			children = (
				BE95E98519B1A0C700A4884C /* async */,
				3ECF1A4819AD137500E1C992 /* cfd */,
				3ECF1A2B19AD136F00E1C992 /* AppDelegate.swift */,
				3ECF1A2D19AD136F00E1C992 /* ViewController.swift */,
				3ECF1A2F19AD136F00E1C992 /* Main.storyboard */,
				3ECF1A3219AD136F00E1C992 /* Images.xcassets */,
				3ECF1A2919AD136F00E1C992 /* Supporting Files */,
			);
			path = FluidDynamics;
			sourceTree = "<group>";
		};
		3ECF1A2919AD136F00E1C992 /* Supporting Files */ = {
			isa = PBXGroup;
			children = (
				3ECF1A2A19AD136F00E1C992 /* Info.plist */,
			);
			name = "Supporting Files";
			sourceTree = "<group>";
		};
		3ECF1A3B19AD136F00E1C992 /* FluidDynamicsTests */ = {
			isa = PBXGroup;
			children = (
				3ECF1A3E19AD136F00E1C992 /* FluidDynamicsTests.swift */,
				3ECF1A3C19AD136F00E1C992 /* Supporting Files */,
			);
			path = FluidDynamicsTests;
			sourceTree = "<group>";
		};
		3ECF1A3C19AD136F00E1C992 /* Supporting Files */ = {
			isa = PBXGroup;
			children = (
				3ECF1A3D19AD136F00E1C992 /* Info.plist */,
			);
			name = "Supporting Files";
			sourceTree = "<group>";
		};
		3ECF1A4819AD137500E1C992 /* cfd */ = {
			isa = PBXGroup;
			children = (
				3ECF1A4B19AE482400E1C992 /* FluidDynamicsCell.swift */,
				BEEBBC5A19B1A31600F847A0 /* FluidDynamicsRenderer.swift */,
				BEEBBC5C19B1AEA400F847A0 /* FluidDynamicsSolver_v2.swift */,
			);
			name = cfd;
			sourceTree = "<group>";
		};
		BE95E98519B1A0C700A4884C /* async */ = {
			isa = PBXGroup;
			children = (
				BE6C58EB19BDDF2E007C6EE8 /* AsyncLegacy.swift */,
			);
			name = async;
			sourceTree = "<group>";
		};
/* End PBXGroup section */

/* Begin PBXNativeTarget section */
		3ECF1A2519AD136F00E1C992 /* FluidDynamics */ = {
			isa = PBXNativeTarget;
			buildConfigurationList = 3ECF1A4219AD136F00E1C992 /* Build configuration list for PBXNativeTarget "FluidDynamics" */;
			buildPhases = (
				3ECF1A2219AD136F00E1C992 /* Sources */,
				3ECF1A2319AD136F00E1C992 /* Frameworks */,
				3ECF1A2419AD136F00E1C992 /* Resources */,
			);
			buildRules = (
			);
			dependencies = (
			);
			name = FluidDynamics;
			productName = FluidDynamics;
			productReference = 3ECF1A2619AD136F00E1C992 /* FluidDynamics.app */;
			productType = "com.apple.product-type.application";
		};
		3ECF1A3719AD136F00E1C992 /* FluidDynamicsTests */ = {
			isa = PBXNativeTarget;
			buildConfigurationList = 3ECF1A4519AD136F00E1C992 /* Build configuration list for PBXNativeTarget "FluidDynamicsTests" */;
			buildPhases = (
				3ECF1A3419AD136F00E1C992 /* Sources */,
				3ECF1A3519AD136F00E1C992 /* Frameworks */,
				3ECF1A3619AD136F00E1C992 /* Resources */,
			);
			buildRules = (
			);
			dependencies = (
				3ECF1A3A19AD136F00E1C992 /* PBXTargetDependency */,
			);
			name = FluidDynamicsTests;
			productName = FluidDynamicsTests;
			productReference = 3ECF1A3819AD136F00E1C992 /* FluidDynamicsTests.xctest */;
			productType = "com.apple.product-type.bundle.unit-test";
		};
/* End PBXNativeTarget section */

/* Begin PBXProject section */
		3ECF1A1E19AD136F00E1C992 /* Project object */ = {
			isa = PBXProject;
			attributes = {
				LastSwiftMigration = 0710;
				LastSwiftUpdateCheck = 0710;
				LastUpgradeCheck = 0710;
				ORGANIZATIONNAME = "Simon Gladman";
				TargetAttributes = {
					3ECF1A2519AD136F00E1C992 = {
						CreatedOnToolsVersion = 6.0;
					};
					3ECF1A3719AD136F00E1C992 = {
						CreatedOnToolsVersion = 6.0;
						TestTargetID = 3ECF1A2519AD136F00E1C992;
					};
				};
			};
			buildConfigurationList = 3ECF1A2119AD136F00E1C992 /* Build configuration list for PBXProject "FluidDynamics" */;
			compatibilityVersion = "Xcode 3.2";
			developmentRegion = English;
			hasScannedForEncodings = 0;
			knownRegions = (
				en,
				Base,
			);
			mainGroup = 3ECF1A1D19AD136F00E1C992;
			productRefGroup = 3ECF1A2719AD136F00E1C992 /* Products */;
			projectDirPath = "";
			projectRoot = "";
			targets = (
				3ECF1A2519AD136F00E1C992 /* FluidDynamics */,
				3ECF1A3719AD136F00E1C992 /* FluidDynamicsTests */,
			);
		};
/* End PBXProject section */

/* Begin PBXResourcesBuildPhase section */
		3ECF1A2419AD136F00E1C992 /* Resources */ = {
			isa = PBXResourcesBuildPhase;
			buildActionMask = 2147483647;
			files = (
				3ECF1A3119AD136F00E1C992 /* Main.storyboard in Resources */,
				3ECF1A3319AD136F00E1C992 /* Images.xcassets in Resources */,
			);
			runOnlyForDeploymentPostprocessing = 0;
		};
		3ECF1A3619AD136F00E1C992 /* Resources */ = {
			isa = PBXResourcesBuildPhase;
			buildActionMask = 2147483647;
			files = (
			);
			runOnlyForDeploymentPostprocessing = 0;
		};
/* End PBXResourcesBuildPhase section */

/* Begin PBXSourcesBuildPhase section */
		3ECF1A2219AD136F00E1C992 /* Sources */ = {
			isa = PBXSourcesBuildPhase;
			buildActionMask = 2147483647;
			files = (
				3ECF1A2E19AD136F00E1C992 /* ViewController.swift in Sources */,
				BE6C58EC19BDDF2E007C6EE8 /* AsyncLegacy.swift in Sources */,
				BEEBBC5D19B1AEA400F847A0 /* FluidDynamicsSolver_v2.swift in Sources */,
				BEEBBC5B19B1A31600F847A0 /* FluidDynamicsRenderer.swift in Sources */,
				3ECF1A2C19AD136F00E1C992 /* AppDelegate.swift in Sources */,
				3ECF1A4C19AE482400E1C992 /* FluidDynamicsCell.swift in Sources */,
			);
			runOnlyForDeploymentPostprocessing = 0;
		};
		3ECF1A3419AD136F00E1C992 /* Sources */ = {
			isa = PBXSourcesBuildPhase;
			buildActionMask = 2147483647;
			files = (
				3ECF1A3F19AD136F00E1C992 /* FluidDynamicsTests.swift in Sources */,
			);
			runOnlyForDeploymentPostprocessing = 0;
		};
/* End PBXSourcesBuildPhase section */

/* Begin PBXTargetDependency section */
		3ECF1A3A19AD136F00E1C992 /* PBXTargetDependency */ = {
			isa = PBXTargetDependency;
			target = 3ECF1A2519AD136F00E1C992 /* FluidDynamics */;
			targetProxy = 3ECF1A3919AD136F00E1C992 /* PBXContainerItemProxy */;
		};
/* End PBXTargetDependency section */

/* Begin PBXVariantGroup section */
		3ECF1A2F19AD136F00E1C992 /* Main.storyboard */ = {
			isa = PBXVariantGroup;
			children = (
				3ECF1A3019AD136F00E1C992 /* Base */,
			);
			name = Main.storyboard;
			sourceTree = "<group>";
		};
/* End PBXVariantGroup section */

/* Begin XCBuildConfiguration section */
		3ECF1A4019AD136F00E1C992 /* Debug */ = {
			isa = XCBuildConfiguration;
			buildSettings = {
				ALWAYS_SEARCH_USER_PATHS = NO;
				CLANG_CXX_LANGUAGE_STANDARD = "gnu++0x";
				CLANG_CXX_LIBRARY = "libc++";
				CLANG_ENABLE_MODULES = YES;
				CLANG_ENABLE_OBJC_ARC = YES;
				CLANG_WARN_BOOL_CONVERSION = YES;
				CLANG_WARN_CONSTANT_CONVERSION = YES;
				CLANG_WARN_DIRECT_OBJC_ISA_USAGE = YES_ERROR;
				CLANG_WARN_EMPTY_BODY = YES;
				CLANG_WARN_ENUM_CONVERSION = YES;
				CLANG_WARN_INT_CONVERSION = YES;
				CLANG_WARN_OBJC_ROOT_CLASS = YES_ERROR;
				CLANG_WARN_UNREACHABLE_CODE = YES;
				CLANG_WARN__DUPLICATE_METHOD_MATCH = YES;
				"CODE_SIGN_IDENTITY[sdk=iphoneos*]" = "iPhone Developer";
				COPY_PHASE_STRIP = NO;
				ENABLE_STRICT_OBJC_MSGSEND = YES;
				ENABLE_TESTABILITY = YES;
				GCC_C_LANGUAGE_STANDARD = gnu99;
				GCC_DYNAMIC_NO_PIC = NO;
				GCC_OPTIMIZATION_LEVEL = 0;
				GCC_PREPROCESSOR_DEFINITIONS = (
					"DEBUG=1",
					"$(inherited)",
				);
				GCC_SYMBOLS_PRIVATE_EXTERN = NO;
				GCC_WARN_64_TO_32_BIT_CONVERSION = YES;
				GCC_WARN_ABOUT_RETURN_TYPE = YES_ERROR;
				GCC_WARN_UNDECLARED_SELECTOR = YES;
				GCC_WARN_UNINITIALIZED_AUTOS = YES_AGGRESSIVE;
				GCC_WARN_UNUSED_FUNCTION = YES;
				GCC_WARN_UNUSED_VARIABLE = YES;
				IPHONEOS_DEPLOYMENT_TARGET = 8.0;
				MTL_ENABLE_DEBUG_INFO = YES;
				ONLY_ACTIVE_ARCH = YES;
				SDKROOT = iphoneos;
				SWIFT_OPTIMIZATION_LEVEL = "-Onone";
				TARGETED_DEVICE_FAMILY = 2;
			};
			name = Debug;
		};
		3ECF1A4119AD136F00E1C992 /* Release */ = {
			isa = XCBuildConfiguration;
			buildSettings = {
				ALWAYS_SEARCH_USER_PATHS = NO;
				CLANG_CXX_LANGUAGE_STANDARD = "gnu++0x";
				CLANG_CXX_LIBRARY = "libc++";
				CLANG_ENABLE_MODULES = YES;
				CLANG_ENABLE_OBJC_ARC = YES;
				CLANG_WARN_BOOL_CONVERSION = YES;
				CLANG_WARN_CONSTANT_CONVERSION = YES;
				CLANG_WARN_DIRECT_OBJC_ISA_USAGE = YES_ERROR;
				CLANG_WARN_EMPTY_BODY = YES;
				CLANG_WARN_ENUM_CONVERSION = YES;
				CLANG_WARN_INT_CONVERSION = YES;
				CLANG_WARN_OBJC_ROOT_CLASS = YES_ERROR;
				CLANG_WARN_UNREACHABLE_CODE = YES;
				CLANG_WARN__DUPLICATE_METHOD_MATCH = YES;
				"CODE_SIGN_IDENTITY[sdk=iphoneos*]" = "iPhone Developer";
				COPY_PHASE_STRIP = YES;
				ENABLE_NS_ASSERTIONS = NO;
				ENABLE_STRICT_OBJC_MSGSEND = YES;
				GCC_C_LANGUAGE_STANDARD = gnu99;
				GCC_OPTIMIZATION_LEVEL = fast;
				GCC_WARN_64_TO_32_BIT_CONVERSION = YES;
				GCC_WARN_ABOUT_RETURN_TYPE = YES_ERROR;
				GCC_WARN_UNDECLARED_SELECTOR = YES;
				GCC_WARN_UNINITIALIZED_AUTOS = YES_AGGRESSIVE;
				GCC_WARN_UNUSED_FUNCTION = YES;
				GCC_WARN_UNUSED_VARIABLE = YES;
				IPHONEOS_DEPLOYMENT_TARGET = 8.0;
				MTL_ENABLE_DEBUG_INFO = NO;
				SDKROOT = iphoneos;
				SWIFT_DISABLE_SAFETY_CHECKS = YES;
				SWIFT_OPTIMIZATION_LEVEL = "-O";
				TARGETED_DEVICE_FAMILY = 2;
				VALIDATE_PRODUCT = YES;
			};
			name = Release;
		};
		3ECF1A4319AD136F00E1C992 /* Debug */ = {
			isa = XCBuildConfiguration;
			buildSettings = {
				ASSETCATALOG_COMPILER_APPICON_NAME = AppIcon;
				ASSETCATALOG_COMPILER_LAUNCHIMAGE_NAME = LaunchImage;
				INFOPLIST_FILE = FluidDynamics/Info.plist;
				LD_RUNPATH_SEARCH_PATHS = "$(inherited) @executable_path/Frameworks";
				PRODUCT_BUNDLE_IDENTIFIER = "uk.co.flexmonkey.$(PRODUCT_NAME:rfc1034identifier)";
				PRODUCT_NAME = "$(TARGET_NAME)";
			};
			name = Debug;
		};
		3ECF1A4419AD136F00E1C992 /* Release */ = {
			isa = XCBuildConfiguration;
			buildSettings = {
				ASSETCATALOG_COMPILER_APPICON_NAME = AppIcon;
				ASSETCATALOG_COMPILER_LAUNCHIMAGE_NAME = LaunchImage;
				INFOPLIST_FILE = FluidDynamics/Info.plist;
				LD_RUNPATH_SEARCH_PATHS = "$(inherited) @executable_path/Frameworks";
				PRODUCT_BUNDLE_IDENTIFIER = "uk.co.flexmonkey.$(PRODUCT_NAME:rfc1034identifier)";
				PRODUCT_NAME = "$(TARGET_NAME)";
				SWIFT_DISABLE_SAFETY_CHECKS = YES;
				SWIFT_OPTIMIZATION_LEVEL = "-O";
			};
			name = Release;
		};
		3ECF1A4619AD136F00E1C992 /* Debug */ = {
			isa = XCBuildConfiguration;
			buildSettings = {
				BUNDLE_LOADER = "$(TEST_HOST)";
				FRAMEWORK_SEARCH_PATHS = (
					"$(SDKROOT)/Developer/Library/Frameworks",
					"$(inherited)",
				);
				GCC_PREPROCESSOR_DEFINITIONS = (
					"DEBUG=1",
					"$(inherited)",
				);
				INFOPLIST_FILE = FluidDynamicsTests/Info.plist;
				LD_RUNPATH_SEARCH_PATHS = "$(inherited) @executable_path/Frameworks @loader_path/Frameworks";
				PRODUCT_BUNDLE_IDENTIFIER = "uk.co.flexmonkey.$(PRODUCT_NAME:rfc1034identifier)";
				PRODUCT_NAME = "$(TARGET_NAME)";
				TEST_HOST = "$(BUILT_PRODUCTS_DIR)/FluidDynamics.app/FluidDynamics";
			};
			name = Debug;
		};
		3ECF1A4719AD136F00E1C992 /* Release */ = {
			isa = XCBuildConfiguration;
			buildSettings = {
				BUNDLE_LOADER = "$(TEST_HOST)";
				FRAMEWORK_SEARCH_PATHS = (
					"$(SDKROOT)/Developer/Library/Frameworks",
					"$(inherited)",
				);
				INFOPLIST_FILE = FluidDynamicsTests/Info.plist;
				LD_RUNPATH_SEARCH_PATHS = "$(inherited) @executable_path/Frameworks @loader_path/Frameworks";
				PRODUCT_BUNDLE_IDENTIFIER = "uk.co.flexmonkey.$(PRODUCT_NAME:rfc1034identifier)";
				PRODUCT_NAME = "$(TARGET_NAME)";
				TEST_HOST = "$(BUILT_PRODUCTS_DIR)/FluidDynamics.app/FluidDynamics";
			};
			name = Release;
		};
/* End XCBuildConfiguration section */

/* Begin XCConfigurationList section */
		3ECF1A2119AD136F00E1C992 /* Build configuration list for PBXProject "FluidDynamics" */ = {
			isa = XCConfigurationList;
			buildConfigurations = (
				3ECF1A4019AD136F00E1C992 /* Debug */,
				3ECF1A4119AD136F00E1C992 /* Release */,
			);
			defaultConfigurationIsVisible = 0;
			defaultConfigurationName = Release;
		};
		3ECF1A4219AD136F00E1C992 /* Build configuration list for PBXNativeTarget "FluidDynamics" */ = {
			isa = XCConfigurationList;
			buildConfigurations = (
				3ECF1A4319AD136F00E1C992 /* Debug */,
				3ECF1A4419AD136F00E1C992 /* Release */,
			);
			defaultConfigurationIsVisible = 0;
			defaultConfigurationName = Release;
		};
		3ECF1A4519AD136F00E1C992 /* Build configuration list for PBXNativeTarget "FluidDynamicsTests" */ = {
			isa = XCConfigurationList;
			buildConfigurations = (
				3ECF1A4619AD136F00E1C992 /* Debug */,
				3ECF1A4719AD136F00E1C992 /* Release */,
			);
			defaultConfigurationIsVisible = 0;
			defaultConfigurationName = Release;
		};
/* End XCConfigurationList section */
	};
	rootObject = 3ECF1A1E19AD136F00E1C992 /* Project object */;
}
